// !$*UTF8*$!
{
	archiveVersion = 1;
	classes = {
	};
	objectVersion = 46;
	objects = {

/* Begin PBXBuildFile section */
		0C2242B718994A7100512648 /* GLBaseObject.m in Sources */ = {isa = PBXBuildFile; fileRef = 0C2242B618994A7100512648 /* GLBaseObject.m */; };
		0C2242B91899539400512648 /* GLBaseObjectTests.m in Sources */ = {isa = PBXBuildFile; fileRef = 0C2242B81899539400512648 /* GLBaseObjectTests.m */; };
		0C2242BC1899624F00512648 /* GLJsonNetworkOperation.m in Sources */ = {isa = PBXBuildFile; fileRef = 0C2242BB1899624F00512648 /* GLJsonNetworkOperation.m */; };
		0C2242BF189965E600512648 /* GLRawNetworkOperation.m in Sources */ = {isa = PBXBuildFile; fileRef = 0C2242BE189965E600512648 /* GLRawNetworkOperation.m */; };
		0C2242C2189965F600512648 /* GLVoidNetworkOperation.m in Sources */ = {isa = PBXBuildFile; fileRef = 0C2242C1189965F600512648 /* GLVoidNetworkOperation.m */; };
		0C2242C51899985200512648 /* GLEventTests.m in Sources */ = {isa = PBXBuildFile; fileRef = 0C2242C41899985200512648 /* GLEventTests.m */; };
		0C2242C71899AA8700512648 /* GLIssueTests.m in Sources */ = {isa = PBXBuildFile; fileRef = 0C2242C61899AA8700512648 /* GLIssueTests.m */; };
		0C2242C91899AB0D00512648 /* issues.json in Resources */ = {isa = PBXBuildFile; fileRef = 0C2242C81899AB0D00512648 /* issues.json */; };
		0C37318F188FFD290076D45C /* GLSnippet.m in Sources */ = {isa = PBXBuildFile; fileRef = 0C37318E188FFD290076D45C /* GLSnippet.m */; };
		0C373192189005D90076D45C /* GLBranch.m in Sources */ = {isa = PBXBuildFile; fileRef = 0C373191189005D90076D45C /* GLBranch.m */; };
		0C37319518900B200076D45C /* GLTag.m in Sources */ = {isa = PBXBuildFile; fileRef = 0C37319418900B200076D45C /* GLTag.m */; };
		0C37319B189013230076D45C /* GLGitlabApi+Session.m in Sources */ = {isa = PBXBuildFile; fileRef = 0C37319A189013230076D45C /* GLGitlabApi+Session.m */; };
		0C3731A01890144B0076D45C /* GLGitlabApi+Private.m in Sources */ = {isa = PBXBuildFile; fileRef = 0C37319F1890144B0076D45C /* GLGitlabApi+Private.m */; };
		0C3731A6189018960076D45C /* GLGitlabApi+MergeRequest.m in Sources */ = {isa = PBXBuildFile; fileRef = 0C3731A5189018960076D45C /* GLGitlabApi+MergeRequest.m */; };
		0C3731A9189019110076D45C /* GLGitlabApi+Notes.m in Sources */ = {isa = PBXBuildFile; fileRef = 0C3731A8189019110076D45C /* GLGitlabApi+Notes.m */; };
		0C3731AC189019500076D45C /* GLGitlabApi+Issues.m in Sources */ = {isa = PBXBuildFile; fileRef = 0C3731AB189019500076D45C /* GLGitlabApi+Issues.m */; };
		0C3731B2189019AD0076D45C /* GLGitlabApi+Milestones.m in Sources */ = {isa = PBXBuildFile; fileRef = 0C3731B1189019AD0076D45C /* GLGitlabApi+Milestones.m */; };
		0C3731B518901A160076D45C /* GLGitlabApi+Commits.m in Sources */ = {isa = PBXBuildFile; fileRef = 0C3731B418901A160076D45C /* GLGitlabApi+Commits.m */; };
		0C3731B818901A610076D45C /* GLGitlabApi+Projects.m in Sources */ = {isa = PBXBuildFile; fileRef = 0C3731B718901A610076D45C /* GLGitlabApi+Projects.m */; };
		0C3731BB18901AA50076D45C /* GLGitlabApi+Users.m in Sources */ = {isa = PBXBuildFile; fileRef = 0C3731BA18901AA50076D45C /* GLGitlabApi+Users.m */; };
		0C3731BE18901AEE0076D45C /* GLGitlabApi+Snippets.m in Sources */ = {isa = PBXBuildFile; fileRef = 0C3731BD18901AEE0076D45C /* GLGitlabApi+Snippets.m */; };
		0C3731C118901B370076D45C /* GLGitlabApi+Repositories.m in Sources */ = {isa = PBXBuildFile; fileRef = 0C3731C018901B370076D45C /* GLGitlabApi+Repositories.m */; };
		0C6B8CBF18AD6B8D00D7474A /* GLGroup.m in Sources */ = {isa = PBXBuildFile; fileRef = 0C6B8CBE18AD6B8D00D7474A /* GLGroup.m */; };
		0C6B8CC118AD6ECB00D7474A /* GLGroupTests.m in Sources */ = {isa = PBXBuildFile; fileRef = 0C6B8CC018AD6ECB00D7474A /* GLGroupTests.m */; };
		0C6BBC5E1897F500003C107D /* GLBranchTests.m in Sources */ = {isa = PBXBuildFile; fileRef = 0C6BBC5C1897F500003C107D /* GLBranchTests.m */; };
		0C6BBC5F1897F500003C107D /* GLCommitTests.m in Sources */ = {isa = PBXBuildFile; fileRef = 0C6BBC5D1897F500003C107D /* GLCommitTests.m */; };
		0C6BBC611897FAB6003C107D /* GLDiffTests.m in Sources */ = {isa = PBXBuildFile; fileRef = 0C6BBC601897FAB6003C107D /* GLDiffTests.m */; };
		0CA9F62418AD394F00A15E9C /* GLFile.m in Sources */ = {isa = PBXBuildFile; fileRef = 0CA9F62318AD394F00A15E9C /* GLFile.m */; };
		0CA9F62718AD3E3F00A15E9C /* GLGitlabApi+Files.m in Sources */ = {isa = PBXBuildFile; fileRef = 0CA9F62618AD3E3F00A15E9C /* GLGitlabApi+Files.m */; };
		0CA9F62918AD478700A15E9C /* GLFileTests.m in Sources */ = {isa = PBXBuildFile; fileRef = 0CA9F62818AD478700A15E9C /* GLFileTests.m */; };
		0CA9F62B18AD47F600A15E9C /* tree_file.json in Resources */ = {isa = PBXBuildFile; fileRef = 0CA9F62A18AD47F600A15E9C /* tree_file.json */; };
		0CA9F62D18AD480000A15E9C /* blob_file.json in Resources */ = {isa = PBXBuildFile; fileRef = 0CA9F62C18AD480000A15E9C /* blob_file.json */; };
		0CC11093189AA99A009CC443 /* GLMergeRequestTests.m in Sources */ = {isa = PBXBuildFile; fileRef = 0CC11092189AA99A009CC443 /* GLMergeRequestTests.m */; };
		0CC11095189AA9F1009CC443 /* merge_request.json in Resources */ = {isa = PBXBuildFile; fileRef = 0CC11094189AA9F1009CC443 /* merge_request.json */; };
		0CC11097189AADF3009CC443 /* GLMilestoneTests.m in Sources */ = {isa = PBXBuildFile; fileRef = 0CC11096189AADF3009CC443 /* GLMilestoneTests.m */; };
		0CC11099189AAE1D009CC443 /* milestone.json in Resources */ = {isa = PBXBuildFile; fileRef = 0CC11098189AAE1D009CC443 /* milestone.json */; };
		0CC1109D189AAE9B009CC443 /* GLTestUtility.m in Sources */ = {isa = PBXBuildFile; fileRef = 0CC1109C189AAE9B009CC443 /* GLTestUtility.m */; };
		0CC1109F189AB33D009CC443 /* GLNamespaceTests.m in Sources */ = {isa = PBXBuildFile; fileRef = 0CC1109E189AB33D009CC443 /* GLNamespaceTests.m */; };
		0CC110A1189AB35B009CC443 /* namespace.json in Resources */ = {isa = PBXBuildFile; fileRef = 0CC110A0189AB35B009CC443 /* namespace.json */; };
		0CC110A3189ADBF3009CC443 /* note.json in Resources */ = {isa = PBXBuildFile; fileRef = 0CC110A2189ADBF3009CC443 /* note.json */; };
		0CC110A5189ADC0C009CC443 /* GLNoteTests.m in Sources */ = {isa = PBXBuildFile; fileRef = 0CC110A4189ADC0C009CC443 /* GLNoteTests.m */; };
		0CC110A7189ADD72009CC443 /* GLProjectTests.m in Sources */ = {isa = PBXBuildFile; fileRef = 0CC110A6189ADD72009CC443 /* GLProjectTests.m */; };
		0CC110A9189ADDBB009CC443 /* project.json in Resources */ = {isa = PBXBuildFile; fileRef = 0CC110A8189ADDBB009CC443 /* project.json */; };
		0CC110AB189AE8D8009CC443 /* GLSnippetTests.m in Sources */ = {isa = PBXBuildFile; fileRef = 0CC110AA189AE8D8009CC443 /* GLSnippetTests.m */; };
		0CC110AD189AE90E009CC443 /* snippet.json in Resources */ = {isa = PBXBuildFile; fileRef = 0CC110AC189AE90E009CC443 /* snippet.json */; };
		0CC110AF189AEAAD009CC443 /* tag.json in Resources */ = {isa = PBXBuildFile; fileRef = 0CC110AE189AEAAD009CC443 /* tag.json */; };
		0CC110B1189AEBC4009CC443 /* branch.json in Resources */ = {isa = PBXBuildFile; fileRef = 0CC110B0189AEBC4009CC443 /* branch.json */; };
		0CC110B3189AECDD009CC443 /* commit.json in Resources */ = {isa = PBXBuildFile; fileRef = 0CC110B2189AECDD009CC443 /* commit.json */; };
		0CC110B5189AED7A009CC443 /* diff.json in Resources */ = {isa = PBXBuildFile; fileRef = 0CC110B4189AED7A009CC443 /* diff.json */; };
		0CC110B7189AEF58009CC443 /* event.json in Resources */ = {isa = PBXBuildFile; fileRef = 0CC110B6189AEF58009CC443 /* event.json */; };
		0CC110B9189AF0B9009CC443 /* user.json in Resources */ = {isa = PBXBuildFile; fileRef = 0CC110B8189AF0B9009CC443 /* user.json */; };
		0CC110BB189AF14D009CC443 /* GLTagTests.m in Sources */ = {isa = PBXBuildFile; fileRef = 0CC110BA189AF14D009CC443 /* GLTagTests.m */; };
		0CC110BD189FD49A009CC443 /* GLGitlabApi+PrivateTests.m in Sources */ = {isa = PBXBuildFile; fileRef = 0CC110BC189FD49A009CC443 /* GLGitlabApi+PrivateTests.m */; };
		0CC110BF189FDC79009CC443 /* multiple_users.json in Resources */ = {isa = PBXBuildFile; fileRef = 0CC110BE189FDC79009CC443 /* multiple_users.json */; };
		0CF663E91885D494005BC2AC /* GLNote.m in Sources */ = {isa = PBXBuildFile; fileRef = 0CF663E81885D494005BC2AC /* GLNote.m */; };
		0CF663EF1885D984005BC2AC /* GLProject.m in Sources */ = {isa = PBXBuildFile; fileRef = 0CF663EE1885D984005BC2AC /* GLProject.m */; };
		0CF663F21885DD05005BC2AC /* GLUser.m in Sources */ = {isa = PBXBuildFile; fileRef = 0CF663F11885DD05005BC2AC /* GLUser.m */; };
		0CF6644718896C07005BC2AC /* GLGitlabTests.m in Sources */ = {isa = PBXBuildFile; fileRef = 0CF6644618896C07005BC2AC /* GLGitlabTests.m */; };
		0CF6644B188973DD005BC2AC /* GLUserTests.m in Sources */ = {isa = PBXBuildFile; fileRef = 0CF6644A188973DD005BC2AC /* GLUserTests.m */; };
		0CF89582188EE4730076E5BA /* GLConstants.m in Sources */ = {isa = PBXBuildFile; fileRef = 0CF89581188EE4730076E5BA /* GLConstants.m */; };
		5D4954EA1885CFDB00E162BB /* Foundation.framework in Frameworks */ = {isa = PBXBuildFile; fileRef = 5D4954E91885CFDB00E162BB /* Foundation.framework */; };
		5D4954F81885CFDB00E162BB /* XCTest.framework in Frameworks */ = {isa = PBXBuildFile; fileRef = 5D4954F71885CFDB00E162BB /* XCTest.framework */; };
		5D4954F91885CFDB00E162BB /* Foundation.framework in Frameworks */ = {isa = PBXBuildFile; fileRef = 5D4954E91885CFDB00E162BB /* Foundation.framework */; };
		5D4954FB1885CFDB00E162BB /* UIKit.framework in Frameworks */ = {isa = PBXBuildFile; fileRef = 5D4954FA1885CFDB00E162BB /* UIKit.framework */; };
		5D4954FE1885CFDB00E162BB /* libobjc gitlab api.a in Frameworks */ = {isa = PBXBuildFile; fileRef = 5D4954E61885CFDB00E162BB /* libobjc gitlab api.a */; };
		5D4955041885CFDB00E162BB /* InfoPlist.strings in Resources */ = {isa = PBXBuildFile; fileRef = 5D4955021885CFDB00E162BB /* InfoPlist.strings */; };
		5D8590021885D11F00D04017 /* GLCommit.m in Sources */ = {isa = PBXBuildFile; fileRef = 5D8590011885D11F00D04017 /* GLCommit.m */; };
		5D8590061885D1F000D04017 /* GLGitlabApi.m in Sources */ = {isa = PBXBuildFile; fileRef = 5D8590051885D1F000D04017 /* GLGitlabApi.m */; };
		5D8590091885D62900D04017 /* GLMergeRequest.m in Sources */ = {isa = PBXBuildFile; fileRef = 5D8590081885D62900D04017 /* GLMergeRequest.m */; };
		5D85900C1885DBA400D04017 /* GLNamespace.m in Sources */ = {isa = PBXBuildFile; fileRef = 5D85900B1885DBA400D04017 /* GLNamespace.m */; };
		5D9B6FA7189820D700DD9951 /* GLEvent.m in Sources */ = {isa = PBXBuildFile; fileRef = 5D9B6FA6189820D700DD9951 /* GLEvent.m */; };
		5DDC39091885EC1F00DF8FD7 /* GLNetworkOperation.m in Sources */ = {isa = PBXBuildFile; fileRef = 5DDC39081885EC1F00DF8FD7 /* GLNetworkOperation.m */; };
		5DDC391018887AB400DF8FD7 /* GLDiff.m in Sources */ = {isa = PBXBuildFile; fileRef = 5DDC390F18887AB400DF8FD7 /* GLDiff.m */; };
		5DDC391318887C9200DF8FD7 /* GLIssue.m in Sources */ = {isa = PBXBuildFile; fileRef = 5DDC391218887C9200DF8FD7 /* GLIssue.m */; };
		5DDC391618887FEF00DF8FD7 /* GLMilestone.m in Sources */ = {isa = PBXBuildFile; fileRef = 5DDC391518887FEF00DF8FD7 /* GLMilestone.m */; };
		FD4A302525DC5DEFCD7F4E4A /* GLGitlabApi+Groups.m in Sources */ = {isa = PBXBuildFile; fileRef = FD4A36C3C5E3354B9F0AA75C /* GLGitlabApi+Groups.m */; };
		FD4A3E78A4544DA2CD8DF89F /* group.json in Resources */ = {isa = PBXBuildFile; fileRef = FD4A3448AD58FD3D4FC78EB1 /* group.json */; };
/* End PBXBuildFile section */

/* Begin PBXContainerItemProxy section */
		5D4954FC1885CFDB00E162BB /* PBXContainerItemProxy */ = {
			isa = PBXContainerItemProxy;
			containerPortal = 5D4954DE1885CFDB00E162BB /* Project object */;
			proxyType = 1;
			remoteGlobalIDString = 5D4954E51885CFDB00E162BB;
			remoteInfo = "objc gitlab api";
		};
/* End PBXContainerItemProxy section */

/* Begin PBXCopyFilesBuildPhase section */
		5D4954E41885CFDB00E162BB /* CopyFiles */ = {
			isa = PBXCopyFilesBuildPhase;
			buildActionMask = 2147483647;
			dstPath = "include/$(PRODUCT_NAME)";
			dstSubfolderSpec = 16;
			files = (
			);
			runOnlyForDeploymentPostprocessing = 0;
		};
/* End PBXCopyFilesBuildPhase section */

/* Begin PBXFileReference section */
		0C2242B518994A7100512648 /* GLBaseObject.h */ = {isa = PBXFileReference; fileEncoding = 4; lastKnownFileType = sourcecode.c.h; path = GLBaseObject.h; sourceTree = "<group>"; };
		0C2242B618994A7100512648 /* GLBaseObject.m */ = {isa = PBXFileReference; fileEncoding = 4; lastKnownFileType = sourcecode.c.objc; path = GLBaseObject.m; sourceTree = "<group>"; };
		0C2242B81899539400512648 /* GLBaseObjectTests.m */ = {isa = PBXFileReference; fileEncoding = 4; lastKnownFileType = sourcecode.c.objc; name = GLBaseObjectTests.m; path = models/GLBaseObjectTests.m; sourceTree = "<group>"; };
		0C2242BA1899624F00512648 /* GLJsonNetworkOperation.h */ = {isa = PBXFileReference; fileEncoding = 4; lastKnownFileType = sourcecode.c.h; path = GLJsonNetworkOperation.h; sourceTree = "<group>"; };
		0C2242BB1899624F00512648 /* GLJsonNetworkOperation.m */ = {isa = PBXFileReference; fileEncoding = 4; lastKnownFileType = sourcecode.c.objc; path = GLJsonNetworkOperation.m; sourceTree = "<group>"; };
		0C2242BD189965E600512648 /* GLRawNetworkOperation.h */ = {isa = PBXFileReference; fileEncoding = 4; lastKnownFileType = sourcecode.c.h; path = GLRawNetworkOperation.h; sourceTree = "<group>"; };
		0C2242BE189965E600512648 /* GLRawNetworkOperation.m */ = {isa = PBXFileReference; fileEncoding = 4; lastKnownFileType = sourcecode.c.objc; path = GLRawNetworkOperation.m; sourceTree = "<group>"; };
		0C2242C0189965F600512648 /* GLVoidNetworkOperation.h */ = {isa = PBXFileReference; fileEncoding = 4; lastKnownFileType = sourcecode.c.h; path = GLVoidNetworkOperation.h; sourceTree = "<group>"; };
		0C2242C1189965F600512648 /* GLVoidNetworkOperation.m */ = {isa = PBXFileReference; fileEncoding = 4; lastKnownFileType = sourcecode.c.objc; path = GLVoidNetworkOperation.m; sourceTree = "<group>"; };
		0C2242C41899985200512648 /* GLEventTests.m */ = {isa = PBXFileReference; fileEncoding = 4; lastKnownFileType = sourcecode.c.objc; name = GLEventTests.m; path = models/GLEventTests.m; sourceTree = "<group>"; };
		0C2242C61899AA8700512648 /* GLIssueTests.m */ = {isa = PBXFileReference; fileEncoding = 4; lastKnownFileType = sourcecode.c.objc; name = GLIssueTests.m; path = models/GLIssueTests.m; sourceTree = "<group>"; };
		0C2242C81899AB0D00512648 /* issues.json */ = {isa = PBXFileReference; fileEncoding = 4; lastKnownFileType = text.json; name = issues.json; path = "supporting files/issues.json"; sourceTree = "<group>"; };
		0C37318D188FFD290076D45C /* GLSnippet.h */ = {isa = PBXFileReference; fileEncoding = 4; lastKnownFileType = sourcecode.c.h; path = GLSnippet.h; sourceTree = "<group>"; };
		0C37318E188FFD290076D45C /* GLSnippet.m */ = {isa = PBXFileReference; fileEncoding = 4; lastKnownFileType = sourcecode.c.objc; path = GLSnippet.m; sourceTree = "<group>"; };
		0C373190189005D90076D45C /* GLBranch.h */ = {isa = PBXFileReference; fileEncoding = 4; lastKnownFileType = sourcecode.c.h; path = GLBranch.h; sourceTree = "<group>"; };
		0C373191189005D90076D45C /* GLBranch.m */ = {isa = PBXFileReference; fileEncoding = 4; lastKnownFileType = sourcecode.c.objc; path = GLBranch.m; sourceTree = "<group>"; };
		0C37319318900B200076D45C /* GLTag.h */ = {isa = PBXFileReference; fileEncoding = 4; lastKnownFileType = sourcecode.c.h; path = GLTag.h; sourceTree = "<group>"; };
		0C37319418900B200076D45C /* GLTag.m */ = {isa = PBXFileReference; fileEncoding = 4; lastKnownFileType = sourcecode.c.objc; path = GLTag.m; sourceTree = "<group>"; };
		0C373196189011640076D45C /* GLGitlab.h */ = {isa = PBXFileReference; lastKnownFileType = sourcecode.c.h; path = GLGitlab.h; sourceTree = "<group>"; };
		0C373199189013230076D45C /* GLGitlabApi+Session.h */ = {isa = PBXFileReference; fileEncoding = 4; lastKnownFileType = sourcecode.c.h; path = "GLGitlabApi+Session.h"; sourceTree = "<group>"; };
		0C37319A189013230076D45C /* GLGitlabApi+Session.m */ = {isa = PBXFileReference; fileEncoding = 4; lastKnownFileType = sourcecode.c.objc; path = "GLGitlabApi+Session.m"; sourceTree = "<group>"; };
		0C37319E1890144B0076D45C /* GLGitlabApi+Private.h */ = {isa = PBXFileReference; fileEncoding = 4; lastKnownFileType = sourcecode.c.h; name = "GLGitlabApi+Private.h"; path = "private/GLGitlabApi+Private.h"; sourceTree = "<group>"; };
		0C37319F1890144B0076D45C /* GLGitlabApi+Private.m */ = {isa = PBXFileReference; fileEncoding = 4; lastKnownFileType = sourcecode.c.objc; name = "GLGitlabApi+Private.m"; path = "private/GLGitlabApi+Private.m"; sourceTree = "<group>"; };
		0C3731A4189018960076D45C /* GLGitlabApi+MergeRequest.h */ = {isa = PBXFileReference; fileEncoding = 4; lastKnownFileType = sourcecode.c.h; path = "GLGitlabApi+MergeRequest.h"; sourceTree = "<group>"; };
		0C3731A5189018960076D45C /* GLGitlabApi+MergeRequest.m */ = {isa = PBXFileReference; fileEncoding = 4; lastKnownFileType = sourcecode.c.objc; path = "GLGitlabApi+MergeRequest.m"; sourceTree = "<group>"; };
		0C3731A7189019110076D45C /* GLGitlabApi+Notes.h */ = {isa = PBXFileReference; fileEncoding = 4; lastKnownFileType = sourcecode.c.h; path = "GLGitlabApi+Notes.h"; sourceTree = "<group>"; };
		0C3731A8189019110076D45C /* GLGitlabApi+Notes.m */ = {isa = PBXFileReference; fileEncoding = 4; lastKnownFileType = sourcecode.c.objc; path = "GLGitlabApi+Notes.m"; sourceTree = "<group>"; };
		0C3731AA189019500076D45C /* GLGitlabApi+Issues.h */ = {isa = PBXFileReference; fileEncoding = 4; lastKnownFileType = sourcecode.c.h; path = "GLGitlabApi+Issues.h"; sourceTree = "<group>"; };
		0C3731AB189019500076D45C /* GLGitlabApi+Issues.m */ = {isa = PBXFileReference; fileEncoding = 4; lastKnownFileType = sourcecode.c.objc; path = "GLGitlabApi+Issues.m"; sourceTree = "<group>"; };
		0C3731B0189019AD0076D45C /* GLGitlabApi+Milestones.h */ = {isa = PBXFileReference; fileEncoding = 4; lastKnownFileType = sourcecode.c.h; path = "GLGitlabApi+Milestones.h"; sourceTree = "<group>"; };
		0C3731B1189019AD0076D45C /* GLGitlabApi+Milestones.m */ = {isa = PBXFileReference; fileEncoding = 4; lastKnownFileType = sourcecode.c.objc; path = "GLGitlabApi+Milestones.m"; sourceTree = "<group>"; };
		0C3731B318901A160076D45C /* GLGitlabApi+Commits.h */ = {isa = PBXFileReference; fileEncoding = 4; lastKnownFileType = sourcecode.c.h; path = "GLGitlabApi+Commits.h"; sourceTree = "<group>"; };
		0C3731B418901A160076D45C /* GLGitlabApi+Commits.m */ = {isa = PBXFileReference; fileEncoding = 4; lastKnownFileType = sourcecode.c.objc; path = "GLGitlabApi+Commits.m"; sourceTree = "<group>"; };
		0C3731B618901A610076D45C /* GLGitlabApi+Projects.h */ = {isa = PBXFileReference; fileEncoding = 4; lastKnownFileType = sourcecode.c.h; path = "GLGitlabApi+Projects.h"; sourceTree = "<group>"; };
		0C3731B718901A610076D45C /* GLGitlabApi+Projects.m */ = {isa = PBXFileReference; fileEncoding = 4; lastKnownFileType = sourcecode.c.objc; path = "GLGitlabApi+Projects.m"; sourceTree = "<group>"; };
		0C3731B918901AA50076D45C /* GLGitlabApi+Users.h */ = {isa = PBXFileReference; fileEncoding = 4; lastKnownFileType = sourcecode.c.h; path = "GLGitlabApi+Users.h"; sourceTree = "<group>"; };
		0C3731BA18901AA50076D45C /* GLGitlabApi+Users.m */ = {isa = PBXFileReference; fileEncoding = 4; lastKnownFileType = sourcecode.c.objc; path = "GLGitlabApi+Users.m"; sourceTree = "<group>"; };
		0C3731BC18901AEE0076D45C /* GLGitlabApi+Snippets.h */ = {isa = PBXFileReference; fileEncoding = 4; lastKnownFileType = sourcecode.c.h; path = "GLGitlabApi+Snippets.h"; sourceTree = "<group>"; };
		0C3731BD18901AEE0076D45C /* GLGitlabApi+Snippets.m */ = {isa = PBXFileReference; fileEncoding = 4; lastKnownFileType = sourcecode.c.objc; path = "GLGitlabApi+Snippets.m"; sourceTree = "<group>"; };
		0C3731BF18901B370076D45C /* GLGitlabApi+Repositories.h */ = {isa = PBXFileReference; fileEncoding = 4; lastKnownFileType = sourcecode.c.h; path = "GLGitlabApi+Repositories.h"; sourceTree = "<group>"; };
		0C3731C018901B370076D45C /* GLGitlabApi+Repositories.m */ = {isa = PBXFileReference; fileEncoding = 4; lastKnownFileType = sourcecode.c.objc; path = "GLGitlabApi+Repositories.m"; sourceTree = "<group>"; };
		0C6B8CBD18AD6B8D00D7474A /* GLGroup.h */ = {isa = PBXFileReference; fileEncoding = 4; lastKnownFileType = sourcecode.c.h; path = GLGroup.h; sourceTree = "<group>"; };
		0C6B8CBE18AD6B8D00D7474A /* GLGroup.m */ = {isa = PBXFileReference; fileEncoding = 4; lastKnownFileType = sourcecode.c.objc; path = GLGroup.m; sourceTree = "<group>"; };
		0C6B8CC018AD6ECB00D7474A /* GLGroupTests.m */ = {isa = PBXFileReference; fileEncoding = 4; lastKnownFileType = sourcecode.c.objc; path = GLGroupTests.m; sourceTree = "<group>"; };
		0C6BBC5C1897F500003C107D /* GLBranchTests.m */ = {isa = PBXFileReference; fileEncoding = 4; lastKnownFileType = sourcecode.c.objc; name = GLBranchTests.m; path = models/GLBranchTests.m; sourceTree = "<group>"; };
		0C6BBC5D1897F500003C107D /* GLCommitTests.m */ = {isa = PBXFileReference; fileEncoding = 4; lastKnownFileType = sourcecode.c.objc; name = GLCommitTests.m; path = models/GLCommitTests.m; sourceTree = "<group>"; };
		0C6BBC601897FAB6003C107D /* GLDiffTests.m */ = {isa = PBXFileReference; fileEncoding = 4; lastKnownFileType = sourcecode.c.objc; name = GLDiffTests.m; path = models/GLDiffTests.m; sourceTree = "<group>"; };
		0CA9F62218AD394F00A15E9C /* GLFile.h */ = {isa = PBXFileReference; fileEncoding = 4; lastKnownFileType = sourcecode.c.h; path = GLFile.h; sourceTree = "<group>"; };
		0CA9F62318AD394F00A15E9C /* GLFile.m */ = {isa = PBXFileReference; fileEncoding = 4; lastKnownFileType = sourcecode.c.objc; path = GLFile.m; sourceTree = "<group>"; };
		0CA9F62518AD3E3F00A15E9C /* GLGitlabApi+Files.h */ = {isa = PBXFileReference; fileEncoding = 4; lastKnownFileType = sourcecode.c.h; path = "GLGitlabApi+Files.h"; sourceTree = "<group>"; };
		0CA9F62618AD3E3F00A15E9C /* GLGitlabApi+Files.m */ = {isa = PBXFileReference; fileEncoding = 4; lastKnownFileType = sourcecode.c.objc; path = "GLGitlabApi+Files.m"; sourceTree = "<group>"; };
		0CA9F62818AD478700A15E9C /* GLFileTests.m */ = {isa = PBXFileReference; fileEncoding = 4; lastKnownFileType = sourcecode.c.objc; name = GLFileTests.m; path = models/GLFileTests.m; sourceTree = "<group>"; };
		0CA9F62A18AD47F600A15E9C /* tree_file.json */ = {isa = PBXFileReference; fileEncoding = 4; lastKnownFileType = text.json; name = tree_file.json; path = "supporting files/tree_file.json"; sourceTree = "<group>"; };
		0CA9F62C18AD480000A15E9C /* blob_file.json */ = {isa = PBXFileReference; fileEncoding = 4; lastKnownFileType = text.json; path = blob_file.json; sourceTree = "<group>"; };
		0CBC8C7C188F042900AE5048 /* GLGitlab_Testing.h */ = {isa = PBXFileReference; fileEncoding = 4; lastKnownFileType = sourcecode.c.h; name = GLGitlab_Testing.h; path = "extended classes/utilities/GLGitlab_Testing.h"; sourceTree = "<group>"; };
		0CC11092189AA99A009CC443 /* GLMergeRequestTests.m */ = {isa = PBXFileReference; fileEncoding = 4; lastKnownFileType = sourcecode.c.objc; name = GLMergeRequestTests.m; path = models/GLMergeRequestTests.m; sourceTree = "<group>"; };
		0CC11094189AA9F1009CC443 /* merge_request.json */ = {isa = PBXFileReference; fileEncoding = 4; lastKnownFileType = text.json; name = merge_request.json; path = "supporting files/merge_request.json"; sourceTree = "<group>"; };
		0CC11096189AADF3009CC443 /* GLMilestoneTests.m */ = {isa = PBXFileReference; fileEncoding = 4; lastKnownFileType = sourcecode.c.objc; name = GLMilestoneTests.m; path = models/GLMilestoneTests.m; sourceTree = "<group>"; };
		0CC11098189AAE1D009CC443 /* milestone.json */ = {isa = PBXFileReference; fileEncoding = 4; lastKnownFileType = text.json; name = milestone.json; path = "supporting files/milestone.json"; sourceTree = "<group>"; };
		0CC1109B189AAE9B009CC443 /* GLTestUtility.h */ = {isa = PBXFileReference; fileEncoding = 4; lastKnownFileType = sourcecode.c.h; name = GLTestUtility.h; path = "test utilities/GLTestUtility.h"; sourceTree = "<group>"; };
		0CC1109C189AAE9B009CC443 /* GLTestUtility.m */ = {isa = PBXFileReference; fileEncoding = 4; lastKnownFileType = sourcecode.c.objc; name = GLTestUtility.m; path = "test utilities/GLTestUtility.m"; sourceTree = "<group>"; };
		0CC1109E189AB33D009CC443 /* GLNamespaceTests.m */ = {isa = PBXFileReference; fileEncoding = 4; lastKnownFileType = sourcecode.c.objc; name = GLNamespaceTests.m; path = models/GLNamespaceTests.m; sourceTree = "<group>"; };
		0CC110A0189AB35B009CC443 /* namespace.json */ = {isa = PBXFileReference; fileEncoding = 4; lastKnownFileType = text.json; name = namespace.json; path = "supporting files/namespace.json"; sourceTree = "<group>"; };
		0CC110A2189ADBF3009CC443 /* note.json */ = {isa = PBXFileReference; fileEncoding = 4; lastKnownFileType = text.json; name = note.json; path = "supporting files/note.json"; sourceTree = "<group>"; };
		0CC110A4189ADC0C009CC443 /* GLNoteTests.m */ = {isa = PBXFileReference; fileEncoding = 4; lastKnownFileType = sourcecode.c.objc; name = GLNoteTests.m; path = models/GLNoteTests.m; sourceTree = "<group>"; };
		0CC110A6189ADD72009CC443 /* GLProjectTests.m */ = {isa = PBXFileReference; fileEncoding = 4; lastKnownFileType = sourcecode.c.objc; name = GLProjectTests.m; path = models/GLProjectTests.m; sourceTree = "<group>"; };
		0CC110A8189ADDBB009CC443 /* project.json */ = {isa = PBXFileReference; fileEncoding = 4; lastKnownFileType = text.json; name = project.json; path = "supporting files/project.json"; sourceTree = "<group>"; };
		0CC110AA189AE8D8009CC443 /* GLSnippetTests.m */ = {isa = PBXFileReference; fileEncoding = 4; lastKnownFileType = sourcecode.c.objc; name = GLSnippetTests.m; path = models/GLSnippetTests.m; sourceTree = "<group>"; };
		0CC110AC189AE90E009CC443 /* snippet.json */ = {isa = PBXFileReference; fileEncoding = 4; lastKnownFileType = text.json; name = snippet.json; path = "supporting files/snippet.json"; sourceTree = "<group>"; };
		0CC110AE189AEAAD009CC443 /* tag.json */ = {isa = PBXFileReference; fileEncoding = 4; lastKnownFileType = text.json; name = tag.json; path = "supporting files/tag.json"; sourceTree = "<group>"; };
		0CC110B0189AEBC4009CC443 /* branch.json */ = {isa = PBXFileReference; fileEncoding = 4; lastKnownFileType = text.json; name = branch.json; path = "supporting files/branch.json"; sourceTree = "<group>"; };
		0CC110B2189AECDD009CC443 /* commit.json */ = {isa = PBXFileReference; fileEncoding = 4; lastKnownFileType = text.json; name = commit.json; path = "supporting files/commit.json"; sourceTree = "<group>"; };
		0CC110B4189AED7A009CC443 /* diff.json */ = {isa = PBXFileReference; fileEncoding = 4; lastKnownFileType = text.json; name = diff.json; path = "supporting files/diff.json"; sourceTree = "<group>"; };
		0CC110B6189AEF58009CC443 /* event.json */ = {isa = PBXFileReference; fileEncoding = 4; lastKnownFileType = text.json; name = event.json; path = "supporting files/event.json"; sourceTree = "<group>"; };
		0CC110B8189AF0B9009CC443 /* user.json */ = {isa = PBXFileReference; fileEncoding = 4; lastKnownFileType = text.json; name = user.json; path = "supporting files/user.json"; sourceTree = "<group>"; };
		0CC110BA189AF14D009CC443 /* GLTagTests.m */ = {isa = PBXFileReference; fileEncoding = 4; lastKnownFileType = sourcecode.c.objc; name = GLTagTests.m; path = models/GLTagTests.m; sourceTree = "<group>"; };
		0CC110BC189FD49A009CC443 /* GLGitlabApi+PrivateTests.m */ = {isa = PBXFileReference; fileEncoding = 4; lastKnownFileType = sourcecode.c.objc; name = "GLGitlabApi+PrivateTests.m"; path = "utilities/GLGitlabApi+PrivateTests.m"; sourceTree = "<group>"; };
		0CC110BE189FDC79009CC443 /* multiple_users.json */ = {isa = PBXFileReference; fileEncoding = 4; lastKnownFileType = text.json; name = multiple_users.json; path = "supporting files/multiple_users.json"; sourceTree = "<group>"; };
		0CF663E71885D494005BC2AC /* GLNote.h */ = {isa = PBXFileReference; fileEncoding = 4; lastKnownFileType = sourcecode.c.h; path = GLNote.h; sourceTree = "<group>"; };
		0CF663E81885D494005BC2AC /* GLNote.m */ = {isa = PBXFileReference; fileEncoding = 4; lastKnownFileType = sourcecode.c.objc; path = GLNote.m; sourceTree = "<group>"; };
		0CF663ED1885D984005BC2AC /* GLProject.h */ = {isa = PBXFileReference; fileEncoding = 4; lastKnownFileType = sourcecode.c.h; path = GLProject.h; sourceTree = "<group>"; };
		0CF663EE1885D984005BC2AC /* GLProject.m */ = {isa = PBXFileReference; fileEncoding = 4; lastKnownFileType = sourcecode.c.objc; path = GLProject.m; sourceTree = "<group>"; };
		0CF663F01885DD05005BC2AC /* GLUser.h */ = {isa = PBXFileReference; fileEncoding = 4; lastKnownFileType = sourcecode.c.h; path = GLUser.h; sourceTree = "<group>"; };
		0CF663F11885DD05005BC2AC /* GLUser.m */ = {isa = PBXFileReference; fileEncoding = 4; lastKnownFileType = sourcecode.c.objc; path = GLUser.m; sourceTree = "<group>"; };
		0CF6644618896C07005BC2AC /* GLGitlabTests.m */ = {isa = PBXFileReference; fileEncoding = 4; lastKnownFileType = sourcecode.c.objc; name = GLGitlabTests.m; path = utilities/GLGitlabTests.m; sourceTree = "<group>"; };
		0CF6644A188973DD005BC2AC /* GLUserTests.m */ = {isa = PBXFileReference; fileEncoding = 4; lastKnownFileType = sourcecode.c.objc; name = GLUserTests.m; path = models/GLUserTests.m; sourceTree = "<group>"; };
		0CF89580188EE4730076E5BA /* GLConstants.h */ = {isa = PBXFileReference; fileEncoding = 4; lastKnownFileType = sourcecode.c.h; path = GLConstants.h; sourceTree = "<group>"; };
		0CF89581188EE4730076E5BA /* GLConstants.m */ = {isa = PBXFileReference; fileEncoding = 4; lastKnownFileType = sourcecode.c.objc; path = GLConstants.m; sourceTree = "<group>"; };
		5D4954E61885CFDB00E162BB /* libobjc gitlab api.a */ = {isa = PBXFileReference; explicitFileType = archive.ar; includeInIndex = 0; path = "libobjc gitlab api.a"; sourceTree = BUILT_PRODUCTS_DIR; };
		5D4954E91885CFDB00E162BB /* Foundation.framework */ = {isa = PBXFileReference; lastKnownFileType = wrapper.framework; name = Foundation.framework; path = System/Library/Frameworks/Foundation.framework; sourceTree = SDKROOT; };
		5D4954ED1885CFDB00E162BB /* objc gitlab api-Prefix.pch */ = {isa = PBXFileReference; lastKnownFileType = sourcecode.c.h; path = "objc gitlab api-Prefix.pch"; sourceTree = "<group>"; };
		5D4954F61885CFDB00E162BB /* objc gitlab apiTests.xctest */ = {isa = PBXFileReference; explicitFileType = wrapper.cfbundle; includeInIndex = 0; path = "objc gitlab apiTests.xctest"; sourceTree = BUILT_PRODUCTS_DIR; };
		5D4954F71885CFDB00E162BB /* XCTest.framework */ = {isa = PBXFileReference; lastKnownFileType = wrapper.framework; name = XCTest.framework; path = Library/Frameworks/XCTest.framework; sourceTree = DEVELOPER_DIR; };
		5D4954FA1885CFDB00E162BB /* UIKit.framework */ = {isa = PBXFileReference; lastKnownFileType = wrapper.framework; name = UIKit.framework; path = Library/Frameworks/UIKit.framework; sourceTree = DEVELOPER_DIR; };
		5D4955011885CFDB00E162BB /* objc gitlab apiTests-Info.plist */ = {isa = PBXFileReference; lastKnownFileType = text.plist.xml; path = "objc gitlab apiTests-Info.plist"; sourceTree = "<group>"; };
		5D4955031885CFDB00E162BB /* en */ = {isa = PBXFileReference; lastKnownFileType = text.plist.strings; name = en; path = en.lproj/InfoPlist.strings; sourceTree = "<group>"; };
		5D8590001885D11F00D04017 /* GLCommit.h */ = {isa = PBXFileReference; fileEncoding = 4; lastKnownFileType = sourcecode.c.h; path = GLCommit.h; sourceTree = "<group>"; };
		5D8590011885D11F00D04017 /* GLCommit.m */ = {isa = PBXFileReference; fileEncoding = 4; lastKnownFileType = sourcecode.c.objc; path = GLCommit.m; sourceTree = "<group>"; };
		5D8590041885D1F000D04017 /* GLGitlabApi.h */ = {isa = PBXFileReference; fileEncoding = 4; lastKnownFileType = sourcecode.c.h; path = GLGitlabApi.h; sourceTree = "<group>"; };
		5D8590051885D1F000D04017 /* GLGitlabApi.m */ = {isa = PBXFileReference; fileEncoding = 4; lastKnownFileType = sourcecode.c.objc; path = GLGitlabApi.m; sourceTree = "<group>"; };
		5D8590071885D62900D04017 /* GLMergeRequest.h */ = {isa = PBXFileReference; fileEncoding = 4; lastKnownFileType = sourcecode.c.h; path = GLMergeRequest.h; sourceTree = "<group>"; };
		5D8590081885D62900D04017 /* GLMergeRequest.m */ = {isa = PBXFileReference; fileEncoding = 4; lastKnownFileType = sourcecode.c.objc; path = GLMergeRequest.m; sourceTree = "<group>"; };
		5D85900A1885DBA400D04017 /* GLNamespace.h */ = {isa = PBXFileReference; fileEncoding = 4; lastKnownFileType = sourcecode.c.h; path = GLNamespace.h; sourceTree = "<group>"; };
		5D85900B1885DBA400D04017 /* GLNamespace.m */ = {isa = PBXFileReference; fileEncoding = 4; lastKnownFileType = sourcecode.c.objc; path = GLNamespace.m; sourceTree = "<group>"; };
		5D9B6FA5189820D700DD9951 /* GLEvent.h */ = {isa = PBXFileReference; fileEncoding = 4; lastKnownFileType = sourcecode.c.h; path = GLEvent.h; sourceTree = "<group>"; };
		5D9B6FA6189820D700DD9951 /* GLEvent.m */ = {isa = PBXFileReference; fileEncoding = 4; lastKnownFileType = sourcecode.c.objc; path = GLEvent.m; sourceTree = "<group>"; };
		5DDC39071885EC1F00DF8FD7 /* GLNetworkOperation.h */ = {isa = PBXFileReference; fileEncoding = 4; lastKnownFileType = sourcecode.c.h; path = GLNetworkOperation.h; sourceTree = "<group>"; };
		5DDC39081885EC1F00DF8FD7 /* GLNetworkOperation.m */ = {isa = PBXFileReference; fileEncoding = 4; lastKnownFileType = sourcecode.c.objc; path = GLNetworkOperation.m; sourceTree = "<group>"; };
		5DDC390E18887AB400DF8FD7 /* GLDiff.h */ = {isa = PBXFileReference; fileEncoding = 4; lastKnownFileType = sourcecode.c.h; path = GLDiff.h; sourceTree = "<group>"; };
		5DDC390F18887AB400DF8FD7 /* GLDiff.m */ = {isa = PBXFileReference; fileEncoding = 4; lastKnownFileType = sourcecode.c.objc; path = GLDiff.m; sourceTree = "<group>"; };
		5DDC391118887C9200DF8FD7 /* GLIssue.h */ = {isa = PBXFileReference; fileEncoding = 4; lastKnownFileType = sourcecode.c.h; path = GLIssue.h; sourceTree = "<group>"; };
		5DDC391218887C9200DF8FD7 /* GLIssue.m */ = {isa = PBXFileReference; fileEncoding = 4; lastKnownFileType = sourcecode.c.objc; path = GLIssue.m; sourceTree = "<group>"; };
		5DDC391418887FEF00DF8FD7 /* GLMilestone.h */ = {isa = PBXFileReference; fileEncoding = 4; lastKnownFileType = sourcecode.c.h; path = GLMilestone.h; sourceTree = "<group>"; };
		5DDC391518887FEF00DF8FD7 /* GLMilestone.m */ = {isa = PBXFileReference; fileEncoding = 4; lastKnownFileType = sourcecode.c.objc; path = GLMilestone.m; sourceTree = "<group>"; };
		FD4A3448AD58FD3D4FC78EB1 /* group.json */ = {isa = PBXFileReference; lastKnownFileType = file.json; name = group.json; path = "supporting files/group.json"; sourceTree = "<group>"; };
		FD4A36C3C5E3354B9F0AA75C /* GLGitlabApi+Groups.m */ = {isa = PBXFileReference; fileEncoding = 4; lastKnownFileType = sourcecode.c.objc; path = "GLGitlabApi+Groups.m"; sourceTree = "<group>"; };
		FD4A3940B7FCB69081CFD4C3 /* GLGitlabApi+Groups.h */ = {isa = PBXFileReference; fileEncoding = 4; lastKnownFileType = sourcecode.c.h; path = "GLGitlabApi+Groups.h"; sourceTree = "<group>"; };
/* End PBXFileReference section */

/* Begin PBXFrameworksBuildPhase section */
		5D4954E31885CFDB00E162BB /* Frameworks */ = {
			isa = PBXFrameworksBuildPhase;
			buildActionMask = 2147483647;
			files = (
				5D4954EA1885CFDB00E162BB /* Foundation.framework in Frameworks */,
			);
			runOnlyForDeploymentPostprocessing = 0;
		};
		5D4954F31885CFDB00E162BB /* Frameworks */ = {
			isa = PBXFrameworksBuildPhase;
			buildActionMask = 2147483647;
			files = (
				5D4954F81885CFDB00E162BB /* XCTest.framework in Frameworks */,
				5D4954FE1885CFDB00E162BB /* libobjc gitlab api.a in Frameworks */,
				5D4954FB1885CFDB00E162BB /* UIKit.framework in Frameworks */,
				5D4954F91885CFDB00E162BB /* Foundation.framework in Frameworks */,
			);
			runOnlyForDeploymentPostprocessing = 0;
		};
/* End PBXFrameworksBuildPhase section */

/* Begin PBXGroup section */
		0CA34F1E18A3F18300A4AEB9 /* private */ = {
			isa = PBXGroup;
			children = (
				0C37319E1890144B0076D45C /* GLGitlabApi+Private.h */,
				0C37319F1890144B0076D45C /* GLGitlabApi+Private.m */,
			);
			name = private;
			sourceTree = "<group>";
		};
		0CBC8C76188EFCE000AE5048 /* extended classes */ = {
			isa = PBXGroup;
			children = (
				0CBC8C7A188EFDCB00AE5048 /* utilities */,
			);
			name = "extended classes";
			sourceTree = "<group>";
		};
		0CBC8C7A188EFDCB00AE5048 /* utilities */ = {
			isa = PBXGroup;
			children = (
				0CBC8C7C188F042900AE5048 /* GLGitlab_Testing.h */,
			);
			name = utilities;
			sourceTree = "<group>";
		};
		0CC1109A189AAE7B009CC443 /* test utilities */ = {
			isa = PBXGroup;
			children = (
				0CC1109B189AAE9B009CC443 /* GLTestUtility.h */,
				0CC1109C189AAE9B009CC443 /* GLTestUtility.m */,
			);
			name = "test utilities";
			sourceTree = "<group>";
		};
		0CF6644818896C19005BC2AC /* utilities */ = {
			isa = PBXGroup;
			children = (
				0CF6644618896C07005BC2AC /* GLGitlabTests.m */,
			);
			name = utilities;
			sourceTree = "<group>";
		};
		0CF6644918896C21005BC2AC /* models */ = {
			isa = PBXGroup;
			children = (
				0C6B8CC018AD6ECB00D7474A /* GLGroupTests.m */,
				0CA9F62818AD478700A15E9C /* GLFileTests.m */,
				0CC110BC189FD49A009CC443 /* GLGitlabApi+PrivateTests.m */,
				0C2242B81899539400512648 /* GLBaseObjectTests.m */,
				0C6BBC5C1897F500003C107D /* GLBranchTests.m */,
				0C6BBC5D1897F500003C107D /* GLCommitTests.m */,
				0C6BBC601897FAB6003C107D /* GLDiffTests.m */,
				0C2242C41899985200512648 /* GLEventTests.m */,
				0C2242C61899AA8700512648 /* GLIssueTests.m */,
				0CC11092189AA99A009CC443 /* GLMergeRequestTests.m */,
				0CC11096189AADF3009CC443 /* GLMilestoneTests.m */,
				0CC1109E189AB33D009CC443 /* GLNamespaceTests.m */,
				0CC110A4189ADC0C009CC443 /* GLNoteTests.m */,
				0CC110A6189ADD72009CC443 /* GLProjectTests.m */,
				0CC110AA189AE8D8009CC443 /* GLSnippetTests.m */,
				0CC110BA189AF14D009CC443 /* GLTagTests.m */,
				0CF6644A188973DD005BC2AC /* GLUserTests.m */,
			);
			name = models;
			sourceTree = "<group>";
		};
		5D4954DD1885CFDB00E162BB = {
			isa = PBXGroup;
			children = (
				5D4954EB1885CFDB00E162BB /* objc gitlab api */,
				5D4954FF1885CFDB00E162BB /* objc gitlab apiTests */,
				5D4954E81885CFDB00E162BB /* Frameworks */,
				5D4954E71885CFDB00E162BB /* Products */,
			);
			sourceTree = "<group>";
		};
		5D4954E71885CFDB00E162BB /* Products */ = {
			isa = PBXGroup;
			children = (
				5D4954E61885CFDB00E162BB /* libobjc gitlab api.a */,
				5D4954F61885CFDB00E162BB /* objc gitlab apiTests.xctest */,
			);
			name = Products;
			sourceTree = "<group>";
		};
		5D4954E81885CFDB00E162BB /* Frameworks */ = {
			isa = PBXGroup;
			children = (
				5D4954E91885CFDB00E162BB /* Foundation.framework */,
				5D4954F71885CFDB00E162BB /* XCTest.framework */,
				5D4954FA1885CFDB00E162BB /* UIKit.framework */,
			);
			name = Frameworks;
			sourceTree = "<group>";
		};
		5D4954EB1885CFDB00E162BB /* objc gitlab api */ = {
			isa = PBXGroup;
			children = (
				0C373196189011640076D45C /* GLGitlab.h */,
				5D858FFB1885D06000D04017 /* models */,
				5D8590031885D1CA00D04017 /* utilities */,
				5D4954EC1885CFDB00E162BB /* Supporting Files */,
			);
			path = "objc gitlab api";
			sourceTree = "<group>";
		};
		5D4954EC1885CFDB00E162BB /* Supporting Files */ = {
			isa = PBXGroup;
			children = (
				5D4954ED1885CFDB00E162BB /* objc gitlab api-Prefix.pch */,
			);
			name = "Supporting Files";
			sourceTree = "<group>";
		};
		5D4954FF1885CFDB00E162BB /* objc gitlab apiTests */ = {
			isa = PBXGroup;
			children = (
				0CBC8C76188EFCE000AE5048 /* extended classes */,
				0CC1109A189AAE7B009CC443 /* test utilities */,
				0CF6644918896C21005BC2AC /* models */,
				0CF6644818896C19005BC2AC /* utilities */,
				5D4955001885CFDB00E162BB /* Supporting Files */,
				FD4A3448AD58FD3D4FC78EB1 /* group.json */,
			);
			path = "objc gitlab apiTests";
			sourceTree = "<group>";
		};
		5D4955001885CFDB00E162BB /* Supporting Files */ = {
			isa = PBXGroup;
			children = (
				5D4955011885CFDB00E162BB /* objc gitlab apiTests-Info.plist */,
				0CA9F62C18AD480000A15E9C /* blob_file.json */,
				0CC110B0189AEBC4009CC443 /* branch.json */,
				0CC110B2189AECDD009CC443 /* commit.json */,
				0CC110B4189AED7A009CC443 /* diff.json */,
				0CC110B6189AEF58009CC443 /* event.json */,
				0C2242C81899AB0D00512648 /* issues.json */,
				0CC11094189AA9F1009CC443 /* merge_request.json */,
				0CC11098189AAE1D009CC443 /* milestone.json */,
				0CC110BE189FDC79009CC443 /* multiple_users.json */,
				0CC110A0189AB35B009CC443 /* namespace.json */,
				0CC110A2189ADBF3009CC443 /* note.json */,
				0CC110A8189ADDBB009CC443 /* project.json */,
				0CC110AC189AE90E009CC443 /* snippet.json */,
				0CC110AE189AEAAD009CC443 /* tag.json */,
				0CA9F62A18AD47F600A15E9C /* tree_file.json */,
				0CC110B8189AF0B9009CC443 /* user.json */,
				5D4955021885CFDB00E162BB /* InfoPlist.strings */,
			);
			name = "Supporting Files";
			sourceTree = "<group>";
		};
		5D858FFB1885D06000D04017 /* models */ = {
			isa = PBXGroup;
			children = (
				0C2242B518994A7100512648 /* GLBaseObject.h */,
				0C2242B618994A7100512648 /* GLBaseObject.m */,
				0C373190189005D90076D45C /* GLBranch.h */,
				0C373191189005D90076D45C /* GLBranch.m */,
				5D8590001885D11F00D04017 /* GLCommit.h */,
				5D8590011885D11F00D04017 /* GLCommit.m */,
				5DDC390E18887AB400DF8FD7 /* GLDiff.h */,
				5DDC390F18887AB400DF8FD7 /* GLDiff.m */,
				5D9B6FA5189820D700DD9951 /* GLEvent.h */,
				5D9B6FA6189820D700DD9951 /* GLEvent.m */,
				0CA9F62218AD394F00A15E9C /* GLFile.h */,
				0CA9F62318AD394F00A15E9C /* GLFile.m */,
				5DDC391118887C9200DF8FD7 /* GLIssue.h */,
				5DDC391218887C9200DF8FD7 /* GLIssue.m */,
				5D8590071885D62900D04017 /* GLMergeRequest.h */,
				5D8590081885D62900D04017 /* GLMergeRequest.m */,
				5DDC391418887FEF00DF8FD7 /* GLMilestone.h */,
				5DDC391518887FEF00DF8FD7 /* GLMilestone.m */,
				5D85900A1885DBA400D04017 /* GLNamespace.h */,
				5D85900B1885DBA400D04017 /* GLNamespace.m */,
				0CF663E71885D494005BC2AC /* GLNote.h */,
				0CF663E81885D494005BC2AC /* GLNote.m */,
				0CF663ED1885D984005BC2AC /* GLProject.h */,
				0CF663EE1885D984005BC2AC /* GLProject.m */,
				0C37318D188FFD290076D45C /* GLSnippet.h */,
				0C37318E188FFD290076D45C /* GLSnippet.m */,
				0C37319318900B200076D45C /* GLTag.h */,
				0C37319418900B200076D45C /* GLTag.m */,
				0CF663F01885DD05005BC2AC /* GLUser.h */,
				0CF663F11885DD05005BC2AC /* GLUser.m */,
				0C6B8CBD18AD6B8D00D7474A /* GLGroup.h */,
				0C6B8CBE18AD6B8D00D7474A /* GLGroup.m */,
			);
			path = models;
			sourceTree = "<group>";
		};
		5D8590031885D1CA00D04017 /* utilities */ = {
			isa = PBXGroup;
			children = (
				0CA34F1E18A3F18300A4AEB9 /* private */,
				5D8590041885D1F000D04017 /* GLGitlabApi.h */,
				5D8590051885D1F000D04017 /* GLGitlabApi.m */,
				0C3731B318901A160076D45C /* GLGitlabApi+Commits.h */,
				0C3731B418901A160076D45C /* GLGitlabApi+Commits.m */,
				0CA9F62518AD3E3F00A15E9C /* GLGitlabApi+Files.h */,
				0CA9F62618AD3E3F00A15E9C /* GLGitlabApi+Files.m */,
				FD4A3940B7FCB69081CFD4C3 /* GLGitlabApi+Groups.h */,
				FD4A36C3C5E3354B9F0AA75C /* GLGitlabApi+Groups.m */,
				0C3731AA189019500076D45C /* GLGitlabApi+Issues.h */,
				0C3731AB189019500076D45C /* GLGitlabApi+Issues.m */,
				0C3731A4189018960076D45C /* GLGitlabApi+MergeRequest.h */,
				0C3731A5189018960076D45C /* GLGitlabApi+MergeRequest.m */,
				0C3731B0189019AD0076D45C /* GLGitlabApi+Milestones.h */,
				0C3731B1189019AD0076D45C /* GLGitlabApi+Milestones.m */,
				0C3731A7189019110076D45C /* GLGitlabApi+Notes.h */,
				0C3731A8189019110076D45C /* GLGitlabApi+Notes.m */,
				0C3731B618901A610076D45C /* GLGitlabApi+Projects.h */,
				0C3731B718901A610076D45C /* GLGitlabApi+Projects.m */,
				0C3731BF18901B370076D45C /* GLGitlabApi+Repositories.h */,
				0C3731C018901B370076D45C /* GLGitlabApi+Repositories.m */,
				0C373199189013230076D45C /* GLGitlabApi+Session.h */,
				0C37319A189013230076D45C /* GLGitlabApi+Session.m */,
				0C3731BC18901AEE0076D45C /* GLGitlabApi+Snippets.h */,
				0C3731BD18901AEE0076D45C /* GLGitlabApi+Snippets.m */,
				0C3731B918901AA50076D45C /* GLGitlabApi+Users.h */,
				0C3731BA18901AA50076D45C /* GLGitlabApi+Users.m */,
				0CF89580188EE4730076E5BA /* GLConstants.h */,
				0CF89581188EE4730076E5BA /* GLConstants.m */,
				5DDC39071885EC1F00DF8FD7 /* GLNetworkOperation.h */,
				5DDC39081885EC1F00DF8FD7 /* GLNetworkOperation.m */,
				0C2242BA1899624F00512648 /* GLJsonNetworkOperation.h */,
				0C2242BB1899624F00512648 /* GLJsonNetworkOperation.m */,
				0C2242BD189965E600512648 /* GLRawNetworkOperation.h */,
				0C2242BE189965E600512648 /* GLRawNetworkOperation.m */,
				0C2242C0189965F600512648 /* GLVoidNetworkOperation.h */,
				0C2242C1189965F600512648 /* GLVoidNetworkOperation.m */,
			);
			path = utilities;
			sourceTree = "<group>";
		};
/* End PBXGroup section */

/* Begin PBXNativeTarget section */
		5D4954E51885CFDB00E162BB /* objc gitlab api */ = {
			isa = PBXNativeTarget;
			buildConfigurationList = 5D4955091885CFDB00E162BB /* Build configuration list for PBXNativeTarget "objc gitlab api" */;
			buildPhases = (
				5D4954E21885CFDB00E162BB /* Sources */,
				5D4954E31885CFDB00E162BB /* Frameworks */,
				5D4954E41885CFDB00E162BB /* CopyFiles */,
			);
			buildRules = (
			);
			dependencies = (
			);
			name = "objc gitlab api";
			productName = "objc gitlab api";
			productReference = 5D4954E61885CFDB00E162BB /* libobjc gitlab api.a */;
			productType = "com.apple.product-type.library.static";
		};
		5D4954F51885CFDB00E162BB /* objc gitlab apiTests */ = {
			isa = PBXNativeTarget;
			buildConfigurationList = 5D49550C1885CFDB00E162BB /* Build configuration list for PBXNativeTarget "objc gitlab apiTests" */;
			buildPhases = (
				5D4954F21885CFDB00E162BB /* Sources */,
				5D4954F31885CFDB00E162BB /* Frameworks */,
				5D4954F41885CFDB00E162BB /* Resources */,
			);
			buildRules = (
			);
			dependencies = (
				5D4954FD1885CFDB00E162BB /* PBXTargetDependency */,
			);
			name = "objc gitlab apiTests";
			productName = "objc gitlab apiTests";
			productReference = 5D4954F61885CFDB00E162BB /* objc gitlab apiTests.xctest */;
			productType = "com.apple.product-type.bundle.unit-test";
		};
/* End PBXNativeTarget section */

/* Begin PBXProject section */
		5D4954DE1885CFDB00E162BB /* Project object */ = {
			isa = PBXProject;
			attributes = {
				LastUpgradeCheck = 0510;
				ORGANIZATIONNAME = Indatus;
			};
			buildConfigurationList = 5D4954E11885CFDB00E162BB /* Build configuration list for PBXProject "objc gitlab api" */;
			compatibilityVersion = "Xcode 3.2";
			developmentRegion = English;
			hasScannedForEncodings = 0;
			knownRegions = (
				en,
			);
			mainGroup = 5D4954DD1885CFDB00E162BB;
			productRefGroup = 5D4954E71885CFDB00E162BB /* Products */;
			projectDirPath = "";
			projectRoot = "";
			targets = (
				5D4954E51885CFDB00E162BB /* objc gitlab api */,
				5D4954F51885CFDB00E162BB /* objc gitlab apiTests */,
			);
		};
/* End PBXProject section */

/* Begin PBXResourcesBuildPhase section */
		5D4954F41885CFDB00E162BB /* Resources */ = {
			isa = PBXResourcesBuildPhase;
			buildActionMask = 2147483647;
			files = (
				0CC110B9189AF0B9009CC443 /* user.json in Resources */,
				0CC11095189AA9F1009CC443 /* merge_request.json in Resources */,
				0CC110A1189AB35B009CC443 /* namespace.json in Resources */,
				0CC110AF189AEAAD009CC443 /* tag.json in Resources */,
				0CA9F62D18AD480000A15E9C /* blob_file.json in Resources */,
				5D4955041885CFDB00E162BB /* InfoPlist.strings in Resources */,
				0CA9F62B18AD47F600A15E9C /* tree_file.json in Resources */,
				0CC110B1189AEBC4009CC443 /* branch.json in Resources */,
				0CC110A3189ADBF3009CC443 /* note.json in Resources */,
				0CC11099189AAE1D009CC443 /* milestone.json in Resources */,
				0C2242C91899AB0D00512648 /* issues.json in Resources */,
				0CC110A9189ADDBB009CC443 /* project.json in Resources */,
				0CC110AD189AE90E009CC443 /* snippet.json in Resources */,
				0CC110BF189FDC79009CC443 /* multiple_users.json in Resources */,
				0CC110B7189AEF58009CC443 /* event.json in Resources */,
				0CC110B5189AED7A009CC443 /* diff.json in Resources */,
				0CC110B3189AECDD009CC443 /* commit.json in Resources */,
				FD4A3E78A4544DA2CD8DF89F /* group.json in Resources */,
			);
			runOnlyForDeploymentPostprocessing = 0;
		};
/* End PBXResourcesBuildPhase section */

/* Begin PBXSourcesBuildPhase section */
		5D4954E21885CFDB00E162BB /* Sources */ = {
			isa = PBXSourcesBuildPhase;
			buildActionMask = 2147483647;
			files = (
				0CA9F62718AD3E3F00A15E9C /* GLGitlabApi+Files.m in Sources */,
				0C2242BC1899624F00512648 /* GLJsonNetworkOperation.m in Sources */,
				0C3731B818901A610076D45C /* GLGitlabApi+Projects.m in Sources */,
				0CF89582188EE4730076E5BA /* GLConstants.m in Sources */,
				0CF663EF1885D984005BC2AC /* GLProject.m in Sources */,
				0C3731BB18901AA50076D45C /* GLGitlabApi+Users.m in Sources */,
				0CF663F21885DD05005BC2AC /* GLUser.m in Sources */,
				0C2242BF189965E600512648 /* GLRawNetworkOperation.m in Sources */,
				5DDC391318887C9200DF8FD7 /* GLIssue.m in Sources */,
				0C3731BE18901AEE0076D45C /* GLGitlabApi+Snippets.m in Sources */,
				5D8590021885D11F00D04017 /* GLCommit.m in Sources */,
				0C37318F188FFD290076D45C /* GLSnippet.m in Sources */,
				0C37319518900B200076D45C /* GLTag.m in Sources */,
				0C2242B718994A7100512648 /* GLBaseObject.m in Sources */,
				0C373192189005D90076D45C /* GLBranch.m in Sources */,
				5D85900C1885DBA400D04017 /* GLNamespace.m in Sources */,
				0C2242C2189965F600512648 /* GLVoidNetworkOperation.m in Sources */,
				0C3731C118901B370076D45C /* GLGitlabApi+Repositories.m in Sources */,
				0C6B8CBF18AD6B8D00D7474A /* GLGroup.m in Sources */,
				5D8590091885D62900D04017 /* GLMergeRequest.m in Sources */,
				0C3731AC189019500076D45C /* GLGitlabApi+Issues.m in Sources */,
				0C3731B518901A160076D45C /* GLGitlabApi+Commits.m in Sources */,
				0C3731B2189019AD0076D45C /* GLGitlabApi+Milestones.m in Sources */,
				5DDC391018887AB400DF8FD7 /* GLDiff.m in Sources */,
				0CA9F62418AD394F00A15E9C /* GLFile.m in Sources */,
				0C3731A6189018960076D45C /* GLGitlabApi+MergeRequest.m in Sources */,
				5DDC39091885EC1F00DF8FD7 /* GLNetworkOperation.m in Sources */,
				5D8590061885D1F000D04017 /* GLGitlabApi.m in Sources */,
				0C3731A01890144B0076D45C /* GLGitlabApi+Private.m in Sources */,
				0C3731A9189019110076D45C /* GLGitlabApi+Notes.m in Sources */,
				0CF663E91885D494005BC2AC /* GLNote.m in Sources */,
				5D9B6FA7189820D700DD9951 /* GLEvent.m in Sources */,
				5DDC391618887FEF00DF8FD7 /* GLMilestone.m in Sources */,
				0C37319B189013230076D45C /* GLGitlabApi+Session.m in Sources */,
				FD4A302525DC5DEFCD7F4E4A /* GLGitlabApi+Groups.m in Sources */,
			);
			runOnlyForDeploymentPostprocessing = 0;
		};
		5D4954F21885CFDB00E162BB /* Sources */ = {
			isa = PBXSourcesBuildPhase;
			buildActionMask = 2147483647;
			files = (
				0C2242C71899AA8700512648 /* GLIssueTests.m in Sources */,
				0C2242B91899539400512648 /* GLBaseObjectTests.m in Sources */,
				0CC110A5189ADC0C009CC443 /* GLNoteTests.m in Sources */,
				0C6BBC611897FAB6003C107D /* GLDiffTests.m in Sources */,
				0C6BBC5E1897F500003C107D /* GLBranchTests.m in Sources */,
				0CC1109F189AB33D009CC443 /* GLNamespaceTests.m in Sources */,
				0CC110A7189ADD72009CC443 /* GLProjectTests.m in Sources */,
				0C6BBC5F1897F500003C107D /* GLCommitTests.m in Sources */,
				0CA9F62918AD478700A15E9C /* GLFileTests.m in Sources */,
				0CC11093189AA99A009CC443 /* GLMergeRequestTests.m in Sources */,
				0CC110BB189AF14D009CC443 /* GLTagTests.m in Sources */,
				0CC110AB189AE8D8009CC443 /* GLSnippetTests.m in Sources */,
				0CC110BD189FD49A009CC443 /* GLGitlabApi+PrivateTests.m in Sources */,
				0C2242C51899985200512648 /* GLEventTests.m in Sources */,
				0CC1109D189AAE9B009CC443 /* GLTestUtility.m in Sources */,
				0CF6644718896C07005BC2AC /* GLGitlabTests.m in Sources */,
				0C6B8CC118AD6ECB00D7474A /* GLGroupTests.m in Sources */,
				0CF6644B188973DD005BC2AC /* GLUserTests.m in Sources */,
				0CC11097189AADF3009CC443 /* GLMilestoneTests.m in Sources */,
			);
			runOnlyForDeploymentPostprocessing = 0;
		};
/* End PBXSourcesBuildPhase section */

/* Begin PBXTargetDependency section */
		5D4954FD1885CFDB00E162BB /* PBXTargetDependency */ = {
			isa = PBXTargetDependency;
			target = 5D4954E51885CFDB00E162BB /* objc gitlab api */;
			targetProxy = 5D4954FC1885CFDB00E162BB /* PBXContainerItemProxy */;
		};
/* End PBXTargetDependency section */

/* Begin PBXVariantGroup section */
		5D4955021885CFDB00E162BB /* InfoPlist.strings */ = {
			isa = PBXVariantGroup;
			children = (
				5D4955031885CFDB00E162BB /* en */,
			);
			name = InfoPlist.strings;
			sourceTree = "<group>";
		};
/* End PBXVariantGroup section */

/* Begin XCBuildConfiguration section */
		5D4955071885CFDB00E162BB /* Debug */ = {
			isa = XCBuildConfiguration;
			buildSettings = {
				ALWAYS_SEARCH_USER_PATHS = NO;
				CLANG_CXX_LANGUAGE_STANDARD = "gnu++0x";
				CLANG_CXX_LIBRARY = "libc++";
				CLANG_ENABLE_MODULES = YES;
				CLANG_ENABLE_OBJC_ARC = YES;
				CLANG_WARN_BOOL_CONVERSION = YES;
				CLANG_WARN_CONSTANT_CONVERSION = YES;
				CLANG_WARN_DIRECT_OBJC_ISA_USAGE = YES_ERROR;
				CLANG_WARN_EMPTY_BODY = YES;
				CLANG_WARN_ENUM_CONVERSION = YES;
				CLANG_WARN_INT_CONVERSION = YES;
				CLANG_WARN_OBJC_ROOT_CLASS = YES_ERROR;
				CLANG_WARN__DUPLICATE_METHOD_MATCH = YES;
				COPY_PHASE_STRIP = NO;
				GCC_C_LANGUAGE_STANDARD = gnu99;
				GCC_DYNAMIC_NO_PIC = NO;
				GCC_OPTIMIZATION_LEVEL = 0;
				GCC_PREPROCESSOR_DEFINITIONS = (
					"DEBUG=1",
					"$(inherited)",
				);
				GCC_SYMBOLS_PRIVATE_EXTERN = NO;
				GCC_WARN_64_TO_32_BIT_CONVERSION = YES;
				GCC_WARN_ABOUT_RETURN_TYPE = YES_ERROR;
				GCC_WARN_UNDECLARED_SELECTOR = YES;
				GCC_WARN_UNINITIALIZED_AUTOS = YES;
				GCC_WARN_UNUSED_FUNCTION = YES;
				GCC_WARN_UNUSED_VARIABLE = YES;
				IPHONEOS_DEPLOYMENT_TARGET = 7.0;
				ONLY_ACTIVE_ARCH = YES;
				SDKROOT = iphoneos;
			};
			name = Debug;
		};
		5D4955081885CFDB00E162BB /* Release */ = {
			isa = XCBuildConfiguration;
			buildSettings = {
				ALWAYS_SEARCH_USER_PATHS = NO;
				CLANG_CXX_LANGUAGE_STANDARD = "gnu++0x";
				CLANG_CXX_LIBRARY = "libc++";
				CLANG_ENABLE_MODULES = YES;
				CLANG_ENABLE_OBJC_ARC = YES;
				CLANG_WARN_BOOL_CONVERSION = YES;
				CLANG_WARN_CONSTANT_CONVERSION = YES;
				CLANG_WARN_DIRECT_OBJC_ISA_USAGE = YES_ERROR;
				CLANG_WARN_EMPTY_BODY = YES;
				CLANG_WARN_ENUM_CONVERSION = YES;
				CLANG_WARN_INT_CONVERSION = YES;
				CLANG_WARN_OBJC_ROOT_CLASS = YES_ERROR;
				CLANG_WARN__DUPLICATE_METHOD_MATCH = YES;
				COPY_PHASE_STRIP = YES;
				ENABLE_NS_ASSERTIONS = NO;
				GCC_C_LANGUAGE_STANDARD = gnu99;
				GCC_WARN_64_TO_32_BIT_CONVERSION = YES;
				GCC_WARN_ABOUT_RETURN_TYPE = YES_ERROR;
				GCC_WARN_UNDECLARED_SELECTOR = YES;
				GCC_WARN_UNINITIALIZED_AUTOS = YES;
				GCC_WARN_UNUSED_FUNCTION = YES;
				GCC_WARN_UNUSED_VARIABLE = YES;
				IPHONEOS_DEPLOYMENT_TARGET = 7.0;
				SDKROOT = iphoneos;
				VALIDATE_PRODUCT = YES;
			};
			name = Release;
		};
		5D49550A1885CFDB00E162BB /* Debug */ = {
			isa = XCBuildConfiguration;
			buildSettings = {
				DSTROOT = /tmp/objc_gitlab_api.dst;
				GCC_PRECOMPILE_PREFIX_HEADER = YES;
				GCC_PREFIX_HEADER = "objc gitlab api/objc gitlab api-Prefix.pch";
				OTHER_LDFLAGS = "-ObjC";
				PRODUCT_NAME = "$(TARGET_NAME)";
				SKIP_INSTALL = YES;
			};
			name = Debug;
		};
		5D49550B1885CFDB00E162BB /* Release */ = {
			isa = XCBuildConfiguration;
			buildSettings = {
				DSTROOT = /tmp/objc_gitlab_api.dst;
				GCC_PRECOMPILE_PREFIX_HEADER = YES;
				GCC_PREFIX_HEADER = "objc gitlab api/objc gitlab api-Prefix.pch";
				OTHER_LDFLAGS = "-ObjC";
				PRODUCT_NAME = "$(TARGET_NAME)";
				SKIP_INSTALL = YES;
			};
			name = Release;
		};
		5D49550D1885CFDB00E162BB /* Debug */ = {
			isa = XCBuildConfiguration;
			buildSettings = {
				FRAMEWORK_SEARCH_PATHS = (
					"$(SDKROOT)/Developer/Library/Frameworks",
					"$(inherited)",
					"$(DEVELOPER_FRAMEWORKS_DIR)",
				);
				GCC_PRECOMPILE_PREFIX_HEADER = YES;
				GCC_PREFIX_HEADER = "objc gitlab api/objc gitlab api-Prefix.pch";
				GCC_PREPROCESSOR_DEFINITIONS = (
					"DEBUG=1",
					"$(inherited)",
				);
				INFOPLIST_FILE = "objc gitlab apiTests/objc gitlab apiTests-Info.plist";
				OTHER_LDFLAGS = (
					"$(inherited)",
					"-framework",
					XCTest,
					"-all_load",
				);
				PRODUCT_NAME = "$(TARGET_NAME)";
				WRAPPER_EXTENSION = xctest;
			};
			name = Debug;
		};
		5D49550E1885CFDB00E162BB /* Release */ = {
			isa = XCBuildConfiguration;
			buildSettings = {
				FRAMEWORK_SEARCH_PATHS = (
					"$(SDKROOT)/Developer/Library/Frameworks",
					"$(inherited)",
					"$(DEVELOPER_FRAMEWORKS_DIR)",
				);
				GCC_PRECOMPILE_PREFIX_HEADER = YES;
				GCC_PREFIX_HEADER = "objc gitlab api/objc gitlab api-Prefix.pch";
				INFOPLIST_FILE = "objc gitlab apiTests/objc gitlab apiTests-Info.plist";
				OTHER_LDFLAGS = (
					"$(inherited)",
					"-framework",
					XCTest,
					"-all_load",
				);
				PRODUCT_NAME = "$(TARGET_NAME)";
				WRAPPER_EXTENSION = xctest;
			};
			name = Release;
		};
/* End XCBuildConfiguration section */

/* Begin XCConfigurationList section */
		5D4954E11885CFDB00E162BB /* Build configuration list for PBXProject "objc gitlab api" */ = {
			isa = XCConfigurationList;
			buildConfigurations = (
				5D4955071885CFDB00E162BB /* Debug */,
				5D4955081885CFDB00E162BB /* Release */,
			);
			defaultConfigurationIsVisible = 0;
			defaultConfigurationName = Release;
		};
		5D4955091885CFDB00E162BB /* Build configuration list for PBXNativeTarget "objc gitlab api" */ = {
			isa = XCConfigurationList;
			buildConfigurations = (
				5D49550A1885CFDB00E162BB /* Debug */,
				5D49550B1885CFDB00E162BB /* Release */,
			);
			defaultConfigurationIsVisible = 0;
			defaultConfigurationName = Release;
		};
		5D49550C1885CFDB00E162BB /* Build configuration list for PBXNativeTarget "objc gitlab apiTests" */ = {
			isa = XCConfigurationList;
			buildConfigurations = (
				5D49550D1885CFDB00E162BB /* Debug */,
				5D49550E1885CFDB00E162BB /* Release */,
			);
			defaultConfigurationIsVisible = 0;
			defaultConfigurationName = Release;
		};
/* End XCConfigurationList section */
	};
	rootObject = 5D4954DE1885CFDB00E162BB /* Project object */;
}
